// !$*UTF8*$!
{
	archiveVersion = 1;
	classes = {
	};
	objectVersion = 48;
	objects = {

/* Begin PBXBuildFile section */
		8416F9C21FD373B400AF53FB /* AppDelegate.m in Sources */ = {isa = PBXBuildFile; fileRef = 8416F9C11FD373B400AF53FB /* AppDelegate.m */; };
		8416F9CA1FD373B400AF53FB /* Assets.xcassets in Resources */ = {isa = PBXBuildFile; fileRef = 8416F9C91FD373B400AF53FB /* Assets.xcassets */; };
		8416F9CD1FD373B400AF53FB /* LaunchScreen.storyboard in Resources */ = {isa = PBXBuildFile; fileRef = 8416F9CB1FD373B400AF53FB /* LaunchScreen.storyboard */; };
		8416F9D01FD373B400AF53FB /* main.m in Sources */ = {isa = PBXBuildFile; fileRef = 8416F9CF1FD373B400AF53FB /* main.m */; };
		8416F9D91FD373D100AF53FB /* FlickrFetcher.m in Sources */ = {isa = PBXBuildFile; fileRef = 8416F9D61FD373D000AF53FB /* FlickrFetcher.m */; };
		8416F9E21FD374D700AF53FB /* CurrentHotTagsTVC.m in Sources */ = {isa = PBXBuildFile; fileRef = 8416F9DF1FD374D600AF53FB /* CurrentHotTagsTVC.m */; };
		8416F9E31FD374D700AF53FB /* HotTagsTVC.m in Sources */ = {isa = PBXBuildFile; fileRef = 8416F9E11FD374D700AF53FB /* HotTagsTVC.m */; };
		84358D2B1FDED1B900E51C4B /* iPad.storyboard in Resources */ = {isa = PBXBuildFile; fileRef = 84358D2A1FDED1B900E51C4B /* iPad.storyboard */; };
		847B6A221FD808EE00A6F3AC /* CollectionFlickrPhotos.m in Sources */ = {isa = PBXBuildFile; fileRef = 847B6A211FD808EE00A6F3AC /* CollectionFlickrPhotos.m */; };
		847B6A251FD808F400A6F3AC /* FlickrPhotos.m in Sources */ = {isa = PBXBuildFile; fileRef = 847B6A231FD808F400A6F3AC /* FlickrPhotos.m */; };
		847B6A281FD8220400A6F3AC /* ImageViewController.m in Sources */ = {isa = PBXBuildFile; fileRef = 847B6A271FD8220400A6F3AC /* ImageViewController.m */; };
		847B6A2B1FD8240300A6F3AC /* Main.storyboard in Resources */ = {isa = PBXBuildFile; fileRef = 847B6A291FD8240300A6F3AC /* Main.storyboard */; };
/* End PBXBuildFile section */

/* Begin PBXFileReference section */
		8416F9BD1FD373B400AF53FB /* dd_homework_final.app */ = {isa = PBXFileReference; explicitFileType = wrapper.application; includeInIndex = 0; path = dd_homework_final.app; sourceTree = BUILT_PRODUCTS_DIR; };
		8416F9C01FD373B400AF53FB /* AppDelegate.h */ = {isa = PBXFileReference; lastKnownFileType = sourcecode.c.h; path = AppDelegate.h; sourceTree = "<group>"; };
		8416F9C11FD373B400AF53FB /* AppDelegate.m */ = {isa = PBXFileReference; lastKnownFileType = sourcecode.c.objc; path = AppDelegate.m; sourceTree = "<group>"; };
		8416F9C91FD373B400AF53FB /* Assets.xcassets */ = {isa = PBXFileReference; lastKnownFileType = folder.assetcatalog; path = Assets.xcassets; sourceTree = "<group>"; };
		8416F9CC1FD373B400AF53FB /* Base */ = {isa = PBXFileReference; lastKnownFileType = file.storyboard; name = Base; path = Base.lproj/LaunchScreen.storyboard; sourceTree = "<group>"; };
		8416F9CE1FD373B400AF53FB /* Info.plist */ = {isa = PBXFileReference; lastKnownFileType = text.plist.xml; path = Info.plist; sourceTree = "<group>"; };
		8416F9CF1FD373B400AF53FB /* main.m */ = {isa = PBXFileReference; lastKnownFileType = sourcecode.c.objc; path = main.m; sourceTree = "<group>"; };
		8416F9D61FD373D000AF53FB /* FlickrFetcher.m */ = {isa = PBXFileReference; fileEncoding = 4; lastKnownFileType = sourcecode.c.objc; path = FlickrFetcher.m; sourceTree = "<group>"; };
		8416F9D71FD373D000AF53FB /* FlickrAPIKey.h */ = {isa = PBXFileReference; fileEncoding = 4; lastKnownFileType = sourcecode.c.h; path = FlickrAPIKey.h; sourceTree = "<group>"; };
		8416F9D81FD373D000AF53FB /* FlickrFetcher.h */ = {isa = PBXFileReference; fileEncoding = 4; lastKnownFileType = sourcecode.c.h; path = FlickrFetcher.h; sourceTree = "<group>"; };
		8416F9DE1FD374D600AF53FB /* HotTagsTVC.h */ = {isa = PBXFileReference; fileEncoding = 4; lastKnownFileType = sourcecode.c.h; path = HotTagsTVC.h; sourceTree = "<group>"; };
		8416F9DF1FD374D600AF53FB /* CurrentHotTagsTVC.m */ = {isa = PBXFileReference; fileEncoding = 4; lastKnownFileType = sourcecode.c.objc; path = CurrentHotTagsTVC.m; sourceTree = "<group>"; };
		8416F9E01FD374D600AF53FB /* CurrentHotTagsTVC.h */ = {isa = PBXFileReference; fileEncoding = 4; lastKnownFileType = sourcecode.c.h; path = CurrentHotTagsTVC.h; sourceTree = "<group>"; };
		8416F9E11FD374D700AF53FB /* HotTagsTVC.m */ = {isa = PBXFileReference; fileEncoding = 4; lastKnownFileType = sourcecode.c.objc; path = HotTagsTVC.m; sourceTree = "<group>"; };
		84358D2A1FDED1B900E51C4B /* iPad.storyboard */ = {isa = PBXFileReference; fileEncoding = 4; lastKnownFileType = file.storyboard; path = iPad.storyboard; sourceTree = "<group>"; };
		847B6A201FD808EE00A6F3AC /* CollectionFlickrPhotos.h */ = {isa = PBXFileReference; fileEncoding = 4; lastKnownFileType = sourcecode.c.h; path = CollectionFlickrPhotos.h; sourceTree = "<group>"; };
		847B6A211FD808EE00A6F3AC /* CollectionFlickrPhotos.m */ = {isa = PBXFileReference; fileEncoding = 4; lastKnownFileType = sourcecode.c.objc; path = CollectionFlickrPhotos.m; sourceTree = "<group>"; };
		847B6A231FD808F400A6F3AC /* FlickrPhotos.m */ = {isa = PBXFileReference; fileEncoding = 4; lastKnownFileType = sourcecode.c.objc; path = FlickrPhotos.m; sourceTree = "<group>"; };
		847B6A241FD808F400A6F3AC /* FlickrPhotos.h */ = {isa = PBXFileReference; fileEncoding = 4; lastKnownFileType = sourcecode.c.h; path = FlickrPhotos.h; sourceTree = "<group>"; };
		847B6A261FD8220400A6F3AC /* ImageViewController.h */ = {isa = PBXFileReference; fileEncoding = 4; lastKnownFileType = sourcecode.c.h; path = ImageViewController.h; sourceTree = "<group>"; };
		847B6A271FD8220400A6F3AC /* ImageViewController.m */ = {isa = PBXFileReference; fileEncoding = 4; lastKnownFileType = sourcecode.c.objc; path = ImageViewController.m; sourceTree = "<group>"; };
		847B6A2A1FD8240300A6F3AC /* Base */ = {isa = PBXFileReference; lastKnownFileType = file.storyboard; name = Base; path = "../../../Downloads/TopPlaces-iOS-9-master-11/TopPlaces/Base.lproj/Main.storyboard"; sourceTree = "<group>"; };
/* End PBXFileReference section */

/* Begin PBXFrameworksBuildPhase section */
		8416F9BA1FD373B400AF53FB /* Frameworks */ = {
			isa = PBXFrameworksBuildPhase;
			buildActionMask = 2147483647;
			files = (
			);
			runOnlyForDeploymentPostprocessing = 0;
		};
/* End PBXFrameworksBuildPhase section */

/* Begin PBXGroup section */
		8416F9B41FD373B400AF53FB = {
			isa = PBXGroup;
			children = (
				8416F9BF1FD373B400AF53FB /* dd_homework_final */,
				8416F9BE1FD373B400AF53FB /* Products */,
			);
			sourceTree = "<group>";
		};
		8416F9BE1FD373B400AF53FB /* Products */ = {
			isa = PBXGroup;
			children = (
				8416F9BD1FD373B400AF53FB /* dd_homework_final.app */,
			);
			name = Products;
			sourceTree = "<group>";
		};
		8416F9BF1FD373B400AF53FB /* dd_homework_final */ = {
			isa = PBXGroup;
			children = (
				8416F9D71FD373D000AF53FB /* FlickrAPIKey.h */,
				8416F9D81FD373D000AF53FB /* FlickrFetcher.h */,
				8416F9D61FD373D000AF53FB /* FlickrFetcher.m */,
				8416F9C01FD373B400AF53FB /* AppDelegate.h */,
				8416F9C11FD373B400AF53FB /* AppDelegate.m */,
				84395BD21FD7E1C400598D42 /* Contollers */,
				8416F9C91FD373B400AF53FB /* Assets.xcassets */,
				8416F9CB1FD373B400AF53FB /* LaunchScreen.storyboard */,
				8416F9CE1FD373B400AF53FB /* Info.plist */,
				8416F9CF1FD373B400AF53FB /* main.m */,
				847B6A291FD8240300A6F3AC /* Main.storyboard */,
				84358D2A1FDED1B900E51C4B /* iPad.storyboard */,
			);
			path = dd_homework_final;
			sourceTree = "<group>";
		};
		84395BD21FD7E1C400598D42 /* Contollers */ = {
			isa = PBXGroup;
			children = (
				8416F9DE1FD374D600AF53FB /* HotTagsTVC.h */,
				8416F9E11FD374D700AF53FB /* HotTagsTVC.m */,
				8416F9E01FD374D600AF53FB /* CurrentHotTagsTVC.h */,
				8416F9DF1FD374D600AF53FB /* CurrentHotTagsTVC.m */,
				847B6A201FD808EE00A6F3AC /* CollectionFlickrPhotos.h */,
				847B6A211FD808EE00A6F3AC /* CollectionFlickrPhotos.m */,
				847B6A241FD808F400A6F3AC /* FlickrPhotos.h */,
				847B6A231FD808F400A6F3AC /* FlickrPhotos.m */,
				847B6A261FD8220400A6F3AC /* ImageViewController.h */,
				847B6A271FD8220400A6F3AC /* ImageViewController.m */,
			);
			path = Contollers;
			sourceTree = "<group>";
		};
/* End PBXGroup section */

/* Begin PBXNativeTarget section */
		8416F9BC1FD373B400AF53FB /* dd_homework_final */ = {
			isa = PBXNativeTarget;
			buildConfigurationList = 8416F9D31FD373B400AF53FB /* Build configuration list for PBXNativeTarget "dd_homework_final" */;
			buildPhases = (
				8416F9B91FD373B400AF53FB /* Sources */,
				8416F9BA1FD373B400AF53FB /* Frameworks */,
				8416F9BB1FD373B400AF53FB /* Resources */,
			);
			buildRules = (
			);
			dependencies = (
			);
			name = dd_homework_final;
			productName = dd_homework_final;
			productReference = 8416F9BD1FD373B400AF53FB /* dd_homework_final.app */;
			productType = "com.apple.product-type.application";
		};
/* End PBXNativeTarget section */

/* Begin PBXProject section */
		8416F9B51FD373B400AF53FB /* Project object */ = {
			isa = PBXProject;
			attributes = {
				LastUpgradeCheck = 0910;
				ORGANIZATIONNAME = "Alex Agaev";
				TargetAttributes = {
					8416F9BC1FD373B400AF53FB = {
						CreatedOnToolsVersion = 9.1;
						ProvisioningStyle = Automatic;
					};
				};
			};
			buildConfigurationList = 8416F9B81FD373B400AF53FB /* Build configuration list for PBXProject "dd_homework_final" */;
			compatibilityVersion = "Xcode 8.0";
			developmentRegion = en;
			hasScannedForEncodings = 0;
			knownRegions = (
				en,
				Base,
			);
			mainGroup = 8416F9B41FD373B400AF53FB;
			productRefGroup = 8416F9BE1FD373B400AF53FB /* Products */;
			projectDirPath = "";
			projectRoot = "";
			targets = (
				8416F9BC1FD373B400AF53FB /* dd_homework_final */,
			);
		};
/* End PBXProject section */

/* Begin PBXResourcesBuildPhase section */
		8416F9BB1FD373B400AF53FB /* Resources */ = {
			isa = PBXResourcesBuildPhase;
			buildActionMask = 2147483647;
			files = (
				8416F9CD1FD373B400AF53FB /* LaunchScreen.storyboard in Resources */,
				8416F9CA1FD373B400AF53FB /* Assets.xcassets in Resources */,
				84358D2B1FDED1B900E51C4B /* iPad.storyboard in Resources */,
				847B6A2B1FD8240300A6F3AC /* Main.storyboard in Resources */,
			);
			runOnlyForDeploymentPostprocessing = 0;
		};
/* End PBXResourcesBuildPhase section */

/* Begin PBXSourcesBuildPhase section */
		8416F9B91FD373B400AF53FB /* Sources */ = {
			isa = PBXSourcesBuildPhase;
			buildActionMask = 2147483647;
			files = (
				8416F9D01FD373B400AF53FB /* main.m in Sources */,
				847B6A251FD808F400A6F3AC /* FlickrPhotos.m in Sources */,
				847B6A281FD8220400A6F3AC /* ImageViewController.m in Sources */,
				847B6A221FD808EE00A6F3AC /* CollectionFlickrPhotos.m in Sources */,
				8416F9E31FD374D700AF53FB /* HotTagsTVC.m in Sources */,
				8416F9D91FD373D100AF53FB /* FlickrFetcher.m in Sources */,
				8416F9C21FD373B400AF53FB /* AppDelegate.m in Sources */,
				8416F9E21FD374D700AF53FB /* CurrentHotTagsTVC.m in Sources */,
			);
			runOnlyForDeploymentPostprocessing = 0;
		};
/* End PBXSourcesBuildPhase section */

/* Begin PBXVariantGroup section */
		8416F9CB1FD373B400AF53FB /* LaunchScreen.storyboard */ = {
			isa = PBXVariantGroup;
			children = (
				8416F9CC1FD373B400AF53FB /* Base */,
			);
			name = LaunchScreen.storyboard;
			sourceTree = "<group>";
		};
		847B6A291FD8240300A6F3AC /* Main.storyboard */ = {
			isa = PBXVariantGroup;
			children = (
				847B6A2A1FD8240300A6F3AC /* Base */,
			);
			name = Main.storyboard;
			sourceTree = "<group>";
		};
/* End PBXVariantGroup section */

/* Begin XCBuildConfiguration section */
		8416F9D11FD373B400AF53FB /* Debug */ = {
			isa = XCBuildConfiguration;
			buildSettings = {
				ALWAYS_SEARCH_USER_PATHS = NO;
				CLANG_ANALYZER_NONNULL = YES;
				CLANG_ANALYZER_NUMBER_OBJECT_CONVERSION = YES_AGGRESSIVE;
				CLANG_CXX_LANGUAGE_STANDARD = "gnu++14";
				CLANG_CXX_LIBRARY = "libc++";
				CLANG_ENABLE_MODULES = YES;
				CLANG_ENABLE_OBJC_ARC = YES;
				CLANG_WARN_BLOCK_CAPTURE_AUTORELEASING = YES;
				CLANG_WARN_BOOL_CONVERSION = YES;
				CLANG_WARN_COMMA = YES;
				CLANG_WARN_CONSTANT_CONVERSION = YES;
				CLANG_WARN_DIRECT_OBJC_ISA_USAGE = YES_ERROR;
				CLANG_WARN_DOCUMENTATION_COMMENTS = YES;
				CLANG_WARN_EMPTY_BODY = YES;
				CLANG_WARN_ENUM_CONVERSION = YES;
				CLANG_WARN_INFINITE_RECURSION = YES;
				CLANG_WARN_INT_CONVERSION = YES;
				CLANG_WARN_NON_LITERAL_NULL_CONVERSION = YES;
				CLANG_WARN_OBJC_LITERAL_CONVERSION = YES;
				CLANG_WARN_OBJC_ROOT_CLASS = YES_ERROR;
				CLANG_WARN_RANGE_LOOP_ANALYSIS = YES;
				CLANG_WARN_STRICT_PROTOTYPES = YES;
				CLANG_WARN_SUSPICIOUS_MOVE = YES;
				CLANG_WARN_UNGUARDED_AVAILABILITY = YES_AGGRESSIVE;
				CLANG_WARN_UNREACHABLE_CODE = YES;
				CLANG_WARN__DUPLICATE_METHOD_MATCH = YES;
				CODE_SIGN_IDENTITY = "iPhone Developer";
				COPY_PHASE_STRIP = NO;
				DEBUG_INFORMATION_FORMAT = dwarf;
				ENABLE_STRICT_OBJC_MSGSEND = YES;
				ENABLE_TESTABILITY = YES;
				GCC_C_LANGUAGE_STANDARD = gnu11;
				GCC_DYNAMIC_NO_PIC = NO;
				GCC_NO_COMMON_BLOCKS = YES;
				GCC_OPTIMIZATION_LEVEL = 0;
				GCC_PREPROCESSOR_DEFINITIONS = (
					"DEBUG=1",
					"$(inherited)",
				);
				GCC_WARN_64_TO_32_BIT_CONVERSION = YES;
				GCC_WARN_ABOUT_RETURN_TYPE = YES_ERROR;
				GCC_WARN_UNDECLARED_SELECTOR = YES;
				GCC_WARN_UNINITIALIZED_AUTOS = YES_AGGRESSIVE;
				GCC_WARN_UNUSED_FUNCTION = YES;
				GCC_WARN_UNUSED_VARIABLE = YES;
				IPHONEOS_DEPLOYMENT_TARGET = 11.1;
				MTL_ENABLE_DEBUG_INFO = YES;
				ONLY_ACTIVE_ARCH = YES;
				SDKROOT = iphoneos;
			};
			name = Debug;
		};
		8416F9D21FD373B400AF53FB /* Release */ = {
			isa = XCBuildConfiguration;
			buildSettings = {
				ALWAYS_SEARCH_USER_PATHS = NO;
				CLANG_ANALYZER_NONNULL = YES;
				CLANG_ANALYZER_NUMBER_OBJECT_CONVERSION = YES_AGGRESSIVE;
				CLANG_CXX_LANGUAGE_STANDARD = "gnu++14";
				CLANG_CXX_LIBRARY = "libc++";
				CLANG_ENABLE_MODULES = YES;
				CLANG_ENABLE_OBJC_ARC = YES;
				CLANG_WARN_BLOCK_CAPTURE_AUTORELEASING = YES;
				CLANG_WARN_BOOL_CONVERSION = YES;
				CLANG_WARN_COMMA = YES;
				CLANG_WARN_CONSTANT_CONVERSION = YES;
				CLANG_WARN_DIRECT_OBJC_ISA_USAGE = YES_ERROR;
				CLANG_WARN_DOCUMENTATION_COMMENTS = YES;
				CLANG_WARN_EMPTY_BODY = YES;
				CLANG_WARN_ENUM_CONVERSION = YES;
				CLANG_WARN_INFINITE_RECURSION = YES;
				CLANG_WARN_INT_CONVERSION = YES;
				CLANG_WARN_NON_LITERAL_NULL_CONVERSION = YES;
				CLANG_WARN_OBJC_LITERAL_CONVERSION = YES;
				CLANG_WARN_OBJC_ROOT_CLASS = YES_ERROR;
				CLANG_WARN_RANGE_LOOP_ANALYSIS = YES;
				CLANG_WARN_STRICT_PROTOTYPES = YES;
				CLANG_WARN_SUSPICIOUS_MOVE = YES;
				CLANG_WARN_UNGUARDED_AVAILABILITY = YES_AGGRESSIVE;
				CLANG_WARN_UNREACHABLE_CODE = YES;
				CLANG_WARN__DUPLICATE_METHOD_MATCH = YES;
				CODE_SIGN_IDENTITY = "iPhone Developer";
				COPY_PHASE_STRIP = NO;
				DEBUG_INFORMATION_FORMAT = "dwarf-with-dsym";
				ENABLE_NS_ASSERTIONS = NO;
				ENABLE_STRICT_OBJC_MSGSEND = YES;
				GCC_C_LANGUAGE_STANDARD = gnu11;
				GCC_NO_COMMON_BLOCKS = YES;
				GCC_WARN_64_TO_32_BIT_CONVERSION = YES;
				GCC_WARN_ABOUT_RETURN_TYPE = YES_ERROR;
				GCC_WARN_UNDECLARED_SELECTOR = YES;
				GCC_WARN_UNINITIALIZED_AUTOS = YES_AGGRESSIVE;
				GCC_WARN_UNUSED_FUNCTION = YES;
				GCC_WARN_UNUSED_VARIABLE = YES;
				IPHONEOS_DEPLOYMENT_TARGET = 11.1;
				MTL_ENABLE_DEBUG_INFO = NO;
				SDKROOT = iphoneos;
				VALIDATE_PRODUCT = YES;
			};
			name = Release;
		};
		8416F9D41FD373B400AF53FB /* Debug */ = {
			isa = XCBuildConfiguration;
			buildSettings = {
				ASSETCATALOG_COMPILER_APPICON_NAME = AppIcon;
				CODE_SIGN_STYLE = Automatic;
				INFOPLIST_FILE = dd_homework_final/Info.plist;
				LD_RUNPATH_SEARCH_PATHS = "$(inherited) @executable_path/Frameworks";
				PRODUCT_BUNDLE_IDENTIFIER = "AA.dd-homework-final";
				PRODUCT_NAME = "$(TARGET_NAME)";
				TARGETED_DEVICE_FAMILY = "1,2";
			};
			name = Debug;
		};
		8416F9D51FD373B400AF53FB /* Release */ = {
			isa = XCBuildConfiguration;
			buildSettings = {
				ASSETCATALOG_COMPILER_APPICON_NAME = AppIcon;
				CODE_SIGN_STYLE = Automatic;
				INFOPLIST_FILE = dd_homework_final/Info.plist;
				LD_RUNPATH_SEARCH_PATHS = "$(inherited) @executable_path/Frameworks";
				PRODUCT_BUNDLE_IDENTIFIER = "AA.dd-homework-final";
				PRODUCT_NAME = "$(TARGET_NAME)";
				TARGETED_DEVICE_FAMILY = "1,2";
			};
			name = Release;
		};
/* End XCBuildConfiguration section */

/* Begin XCConfigurationList section */
		8416F9B81FD373B400AF53FB /* Build configuration list for PBXProject "dd_homework_final" */ = {
			isa = XCConfigurationList;
			buildConfigurations = (
				8416F9D11FD373B400AF53FB /* Debug */,
				8416F9D21FD373B400AF53FB /* Release */,
			);
			defaultConfigurationIsVisible = 0;
			defaultConfigurationName = Release;
		};
		8416F9D31FD373B400AF53FB /* Build configuration list for PBXNativeTarget "dd_homework_final" */ = {
			isa = XCConfigurationList;
			buildConfigurations = (
				8416F9D41FD373B400AF53FB /* Debug */,
				8416F9D51FD373B400AF53FB /* Release */,
			);
			defaultConfigurationIsVisible = 0;
			defaultConfigurationName = Release;
		};
/* End XCConfigurationList section */
	};
	rootObject = 8416F9B51FD373B400AF53FB /* Project object */;
}
